
Microsoft Visual Studio Solution File, Format Version 12.00
# Visual Studio Version 16
VisualStudioVersion = 16.0.29728.190
MinimumVisualStudioVersion = 10.0.40219.1
Project("{FAE04EC0-301F-11D3-BF4B-00C04F79EFBC}") = "defangedIPAddress", "defangedIPAddress.csproj", "{AC99368B-62F0-45DA-929A-BB864A90A6A5}"
EndProject
Global
	GlobalSection(SolutionConfigurationPlatforms) = preSolution
		Debug|Any CPU = Debug|Any CPU
		Release|Any CPU = Release|Any CPU
	EndGlobalSection
	GlobalSection(ProjectConfigurationPlatforms) = postSolution
		{AC99368B-62F0-45DA-929A-BB864A90A6A5}.Debug|Any CPU.ActiveCfg = Debug|Any CPU
		{AC99368B-62F0-45DA-929A-BB864A90A6A5}.Debug|Any CPU.Build.0 = Debug|Any CPU
		{AC99368B-62F0-45DA-929A-BB864A90A6A5}.Release|Any CPU.ActiveCfg = Release|Any CPU
		{AC99368B-62F0-45DA-929A-BB864A90A6A5}.Release|Any CPU.Build.0 = Release|Any CPU
	EndGlobalSection
	GlobalSection(SolutionProperties) = preSolution
		HideSolutionNode = FALSE
	EndGlobalSection
	GlobalSection(ExtensibilityGlobals) = postSolution
		SolutionGuid = {6EF931E3-FBAF-41C5-A558-25F450ACE96D}
	EndGlobalSection
EndGlobal
